
Microsoft Visual Studio Solution File, Format Version 12.00
# Visual Studio 15
VisualStudioVersion = 15.0.26228.4
MinimumVisualStudioVersion = 10.0.40219.1
Project("{2150E333-8FDC-42A3-9474-1A3956D46DE8}") = "Engine", "Engine", "{064BDCF1-F03B-4AFE-910C-ABEB31B0A9DD}"
EndProject
Project("{2150E333-8FDC-42A3-9474-1A3956D46DE8}") = "Games", "Games", "{990FE10F-E449-4DA3-9975-57235836F688}"
EndProject
Project("{8BC9CEB8-8B4A-11D0-8D11-00A0C91BC942}") = "UE4", "Intermediate\ProjectFiles\UE4.vcxproj", "{AA3CDA00-3E14-43F9-ACE5-32A8CF6C1775}"
EndProject
Project("{8BC9CEB8-8B4A-11D0-8D11-00A0C91BC942}") = "BuildingEscape", "Intermediate\ProjectFiles\BuildingEscape.vcxproj", "{3B66869E-6149-405C-8B8F-1A22C3FF5EEC}"
EndProject
Global
	GlobalSection(SolutionConfigurationPlatforms) = preSolution
		DebugGame Editor|HTML5 = DebugGame Editor|HTML5
		DebugGame Editor|Win32 = DebugGame Editor|Win32
		DebugGame Editor|Win64 = DebugGame Editor|Win64
		DebugGame|HTML5 = DebugGame|HTML5
		DebugGame|Win32 = DebugGame|Win32
		DebugGame|Win64 = DebugGame|Win64
		Development Editor|HTML5 = Development Editor|HTML5
		Development Editor|Win32 = Development Editor|Win32
		Development Editor|Win64 = Development Editor|Win64
		Development|HTML5 = Development|HTML5
		Development|Win32 = Development|Win32
		Development|Win64 = Development|Win64
		Shipping|HTML5 = Shipping|HTML5
		Shipping|Win32 = Shipping|Win32
		Shipping|Win64 = Shipping|Win64
	EndGlobalSection
	GlobalSection(ProjectConfigurationPlatforms) = postSolution
		{AA3CDA00-3E14-43F9-ACE5-32A8CF6C1775}.DebugGame Editor|HTML5.ActiveCfg = BuiltWithUnrealBuildTool|Win32
		{AA3CDA00-3E14-43F9-ACE5-32A8CF6C1775}.DebugGame Editor|HTML5.Build.0 = BuiltWithUnrealBuildTool|Win32
		{AA3CDA00-3E14-43F9-ACE5-32A8CF6C1775}.DebugGame Editor|Win32.ActiveCfg = BuiltWithUnrealBuildTool|Win32
		{AA3CDA00-3E14-43F9-ACE5-32A8CF6C1775}.DebugGame Editor|Win32.Build.0 = BuiltWithUnrealBuildTool|Win32
		{AA3CDA00-3E14-43F9-ACE5-32A8CF6C1775}.DebugGame Editor|Win64.ActiveCfg = BuiltWithUnrealBuildTool|Win32
		{AA3CDA00-3E14-43F9-ACE5-32A8CF6C1775}.DebugGame Editor|Win64.Build.0 = BuiltWithUnrealBuildTool|Win32
		{AA3CDA00-3E14-43F9-ACE5-32A8CF6C1775}.DebugGame|HTML5.ActiveCfg = BuiltWithUnrealBuildTool|Win32
		{AA3CDA00-3E14-43F9-ACE5-32A8CF6C1775}.DebugGame|HTML5.Build.0 = BuiltWithUnrealBuildTool|Win32
		{AA3CDA00-3E14-43F9-ACE5-32A8CF6C1775}.DebugGame|Win32.ActiveCfg = BuiltWithUnrealBuildTool|Win32
		{AA3CDA00-3E14-43F9-ACE5-32A8CF6C1775}.DebugGame|Win32.Build.0 = BuiltWithUnrealBuildTool|Win32
		{AA3CDA00-3E14-43F9-ACE5-32A8CF6C1775}.DebugGame|Win64.ActiveCfg = BuiltWithUnrealBuildTool|Win32
		{AA3CDA00-3E14-43F9-ACE5-32A8CF6C1775}.DebugGame|Win64.Build.0 = BuiltWithUnrealBuildTool|Win32
		{AA3CDA00-3E14-43F9-ACE5-32A8CF6C1775}.Development Editor|HTML5.ActiveCfg = BuiltWithUnrealBuildTool|Win32
		{AA3CDA00-3E14-43F9-ACE5-32A8CF6C1775}.Development Editor|HTML5.Build.0 = BuiltWithUnrealBuildTool|Win32
		{AA3CDA00-3E14-43F9-ACE5-32A8CF6C1775}.Development Editor|Win32.ActiveCfg = BuiltWithUnrealBuildTool|Win32
		{AA3CDA00-3E14-43F9-ACE5-32A8CF6C1775}.Development Editor|Win32.Build.0 = BuiltWithUnrealBuildTool|Win32
		{AA3CDA00-3E14-43F9-ACE5-32A8CF6C1775}.Development Editor|Win64.ActiveCfg = BuiltWithUnrealBuildTool|Win32
		{AA3CDA00-3E14-43F9-ACE5-32A8CF6C1775}.Development Editor|Win64.Build.0 = BuiltWithUnrealBuildTool|Win32
		{AA3CDA00-3E14-43F9-ACE5-32A8CF6C1775}.Development|HTML5.ActiveCfg = BuiltWithUnrealBuildTool|Win32
		{AA3CDA00-3E14-43F9-ACE5-32A8CF6C1775}.Development|HTML5.Build.0 = BuiltWithUnrealBuildTool|Win32
		{AA3CDA00-3E14-43F9-ACE5-32A8CF6C1775}.Development|Win32.ActiveCfg = BuiltWithUnrealBuildTool|Win32
		{AA3CDA00-3E14-43F9-ACE5-32A8CF6C1775}.Development|Win32.Build.0 = BuiltWithUnrealBuildTool|Win32
		{AA3CDA00-3E14-43F9-ACE5-32A8CF6C1775}.Development|Win64.ActiveCfg = BuiltWithUnrealBuildTool|Win32
		{AA3CDA00-3E14-43F9-ACE5-32A8CF6C1775}.Development|Win64.Build.0 = BuiltWithUnrealBuildTool|Win32
		{AA3CDA00-3E14-43F9-ACE5-32A8CF6C1775}.Shipping|HTML5.ActiveCfg = BuiltWithUnrealBuildTool|Win32
		{AA3CDA00-3E14-43F9-ACE5-32A8CF6C1775}.Shipping|HTML5.Build.0 = BuiltWithUnrealBuildTool|Win32
		{AA3CDA00-3E14-43F9-ACE5-32A8CF6C1775}.Shipping|Win32.ActiveCfg = BuiltWithUnrealBuildTool|Win32
		{AA3CDA00-3E14-43F9-ACE5-32A8CF6C1775}.Shipping|Win32.Build.0 = BuiltWithUnrealBuildTool|Win32
		{AA3CDA00-3E14-43F9-ACE5-32A8CF6C1775}.Shipping|Win64.ActiveCfg = BuiltWithUnrealBuildTool|Win32
		{AA3CDA00-3E14-43F9-ACE5-32A8CF6C1775}.Shipping|Win64.Build.0 = BuiltWithUnrealBuildTool|Win32
		{3B66869E-6149-405C-8B8F-1A22C3FF5EEC}.DebugGame Editor|HTML5.ActiveCfg = HTML5_DebugGame_Editor|Win32
		{3B66869E-6149-405C-8B8F-1A22C3FF5EEC}.DebugGame Editor|Win32.ActiveCfg = DebugGame_Editor|Win32
		{3B66869E-6149-405C-8B8F-1A22C3FF5EEC}.DebugGame Editor|Win64.ActiveCfg = DebugGame_Editor|x64
		{3B66869E-6149-405C-8B8F-1A22C3FF5EEC}.DebugGame Editor|Win64.Build.0 = DebugGame_Editor|x64
		{3B66869E-6149-405C-8B8F-1A22C3FF5EEC}.DebugGame|HTML5.ActiveCfg = HTML5_DebugGame_Game|Win32
		{3B66869E-6149-405C-8B8F-1A22C3FF5EEC}.DebugGame|HTML5.Build.0 = HTML5_DebugGame_Game|Win32
		{3B66869E-6149-405C-8B8F-1A22C3FF5EEC}.DebugGame|Win32.ActiveCfg = DebugGame_Game|Win32
		{3B66869E-6149-405C-8B8F-1A22C3FF5EEC}.DebugGame|Win32.Build.0 = DebugGame_Game|Win32
		{3B66869E-6149-405C-8B8F-1A22C3FF5EEC}.DebugGame|Win64.ActiveCfg = DebugGame_Game|x64
		{3B66869E-6149-405C-8B8F-1A22C3FF5EEC}.DebugGame|Win64.Build.0 = DebugGame_Game|x64
		{3B66869E-6149-405C-8B8F-1A22C3FF5EEC}.Development Editor|HTML5.ActiveCfg = HTML5_Development_Editor|Win32
		{3B66869E-6149-405C-8B8F-1A22C3FF5EEC}.Development Editor|Win32.ActiveCfg = Development_Editor|Win32
		{3B66869E-6149-405C-8B8F-1A22C3FF5EEC}.Development Editor|Win64.ActiveCfg = Development_Editor|x64
		{3B66869E-6149-405C-8B8F-1A22C3FF5EEC}.Development Editor|Win64.Build.0 = Development_Editor|x64
		{3B66869E-6149-405C-8B8F-1A22C3FF5EEC}.Development|HTML5.ActiveCfg = HTML5_Development_Game|Win32
		{3B66869E-6149-405C-8B8F-1A22C3FF5EEC}.Development|HTML5.Build.0 = HTML5_Development_Game|Win32
		{3B66869E-6149-405C-8B8F-1A22C3FF5EEC}.Development|Win32.ActiveCfg = Development_Game|Win32
		{3B66869E-6149-405C-8B8F-1A22C3FF5EEC}.Development|Win32.Build.0 = Development_Game|Win32
		{3B66869E-6149-405C-8B8F-1A22C3FF5EEC}.Development|Win64.ActiveCfg = Development_Game|x64
		{3B66869E-6149-405C-8B8F-1A22C3FF5EEC}.Development|Win64.Build.0 = Development_Game|x64
		{3B66869E-6149-405C-8B8F-1A22C3FF5EEC}.Shipping|HTML5.ActiveCfg = HTML5_Shipping_Game|Win32
		{3B66869E-6149-405C-8B8F-1A22C3FF5EEC}.Shipping|HTML5.Build.0 = HTML5_Shipping_Game|Win32
		{3B66869E-6149-405C-8B8F-1A22C3FF5EEC}.Shipping|Win32.ActiveCfg = Shipping_Game|Win32
		{3B66869E-6149-405C-8B8F-1A22C3FF5EEC}.Shipping|Win32.Build.0 = Shipping_Game|Win32
		{3B66869E-6149-405C-8B8F-1A22C3FF5EEC}.Shipping|Win64.ActiveCfg = Shipping_Game|x64
		{3B66869E-6149-405C-8B8F-1A22C3FF5EEC}.Shipping|Win64.Build.0 = Shipping_Game|x64
	EndGlobalSection
	GlobalSection(SolutionProperties) = preSolution
		HideSolutionNode = FALSE
	EndGlobalSection
	GlobalSection(NestedProjects) = preSolution
		{AA3CDA00-3E14-43F9-ACE5-32A8CF6C1775} = {064BDCF1-F03B-4AFE-910C-ABEB31B0A9DD}
		{3B66869E-6149-405C-8B8F-1A22C3FF5EEC} = {990FE10F-E449-4DA3-9975-57235836F688}
	EndGlobalSection
EndGlobal
